schema = 1
ai_kit_version = "0.1.0"
profile_schema = 1
adapter_schema = 1
profile_digest = "sha256:cd525d83fdce2a54c9719ad50f546989a506747a6f8ccd750d4f5ecd062be882"

[adapters.codex]
enabled = true
version = 1

[generated]
".agents/skills/verify-project/SKILL.md" = "sha256:590c2fae489eb5e09d639f3fb380fee8f718bf64d28a620f6374841b624704a2"
".github/workflows/verify.yml" = "sha256:debe096235aa7dd071af40f273be386fe46ba64488da9296ead57ab59a307c18"
"AGENTS.md" = "sha256:7a29fdda3906f66a08fe7c8e7fca8d21e6b58fa9da19e379e3ac69888a3988d3"
